
Microsoft Visual Studio Solution File, Format Version 12.00
# Visual Studio Version 17
VisualStudioVersion = 17.6.33815.320
MinimumVisualStudioVersion = 10.0.40219.1
Project("{FAE04EC0-301F-11D3-BF4B-00C04F79EFBC}") = "AddressBookProblem", "AddressBookProblem.csproj", "{5331B8EB-5D16-4A9F-910E-38D63B8918BE}"
EndProject
Global
	GlobalSection(SolutionConfigurationPlatforms) = preSolution
		Debug|Any CPU = Debug|Any CPU
		Release|Any CPU = Release|Any CPU
	EndGlobalSection
	GlobalSection(ProjectConfigurationPlatforms) = postSolution
		{5331B8EB-5D16-4A9F-910E-38D63B8918BE}.Debug|Any CPU.ActiveCfg = Debug|Any CPU
		{5331B8EB-5D16-4A9F-910E-38D63B8918BE}.Debug|Any CPU.Build.0 = Debug|Any CPU
		{5331B8EB-5D16-4A9F-910E-38D63B8918BE}.Release|Any CPU.ActiveCfg = Release|Any CPU
		{5331B8EB-5D16-4A9F-910E-38D63B8918BE}.Release|Any CPU.Build.0 = Release|Any CPU
	EndGlobalSection
	GlobalSection(SolutionProperties) = preSolution
		HideSolutionNode = FALSE
	EndGlobalSection
	GlobalSection(ExtensibilityGlobals) = postSolution
		SolutionGuid = {B8567C2B-01D4-4874-9364-BB96E9320D93}
	EndGlobalSection
EndGlobal
